Microsoft Visual Studio Solution File, Format Version 12.00
# Visual Studio Version 17
VisualStudioVersion = 17.5.2.0
MinimumVisualStudioVersion = 10.0.40219.1
Project("{FAE04EC0-301F-11D3-BF4B-00C04F79EFBC}") = "Elsa.Dashboard", "Elsa.Dashboard.csproj", "{DBCE412D-5BC8-4B61-D1F5-F73EE3D30D0A}"
EndProject
Global
	GlobalSection(SolutionConfigurationPlatforms) = preSolution
		Debug|Any CPU = Debug|Any CPU
		Release|Any CPU = Release|Any CPU
	EndGlobalSection
	GlobalSection(ProjectConfigurationPlatforms) = postSolution
		{DBCE412D-5BC8-4B61-D1F5-F73EE3D30D0A}.Debug|Any CPU.ActiveCfg = Debug|Any CPU
		{DBCE412D-5BC8-4B61-D1F5-F73EE3D30D0A}.Debug|Any CPU.Build.0 = Debug|Any CPU
		{DBCE412D-5BC8-4B61-D1F5-F73EE3D30D0A}.Release|Any CPU.ActiveCfg = Release|Any CPU
		{DBCE412D-5BC8-4B61-D1F5-F73EE3D30D0A}.Release|Any CPU.Build.0 = Release|Any CPU
	EndGlobalSection
	GlobalSection(SolutionProperties) = preSolution
		HideSolutionNode = FALSE
	EndGlobalSection
	GlobalSection(ExtensibilityGlobals) = postSolution
		SolutionGuid = {D5833F76-0AC6-467B-A53A-1855A1FD9065}
	EndGlobalSection
EndGlobal
