
Microsoft Visual Studio Solution File, Format Version 12.00
# Visual Studio Version 17
VisualStudioVersion = 17.2.32616.157
MinimumVisualStudioVersion = 10.0.40219.1
Project("{9A19103F-16F7-4668-BE54-9A1E7A4F7556}") = "Elsa.CustomActivities", "Elsa.CustomActivities\Elsa.CustomActivities.csproj", "{DBED8C81-CFCD-4BA1-889A-A699DA294D33}"
EndProject
Project("{9A19103F-16F7-4668-BE54-9A1E7A4F7556}") = "Elsa.Server", "Elsa.Server\Elsa.Server.csproj", "{C8F5AEB4-69A2-4C33-A7B4-DC23BB465CF4}"
EndProject
Project("{9A19103F-16F7-4668-BE54-9A1E7A4F7556}") = "Elsa.Dashboard", "Elsa.Dashboard\Elsa.Dashboard.csproj", "{C4FDA81C-74A5-45C3-9617-D3B1A8C34611}"
	ProjectSection(ProjectDependencies) = postProject
		{C8F5AEB4-69A2-4C33-A7B4-DC23BB465CF4} = {C8F5AEB4-69A2-4C33-A7B4-DC23BB465CF4}
	EndProjectSection
EndProject
Project("{9A19103F-16F7-4668-BE54-9A1E7A4F7556}") = "He.PipelineAssessment.UI", "He.PipelineAssessment.UI\He.PipelineAssessment.UI.csproj", "{56A1066D-5636-4CC6-938D-A417B037B87A}"
EndProject
Project("{9A19103F-16F7-4668-BE54-9A1E7A4F7556}") = "Elsa.CustomModels", "Elsa.Models\Elsa.CustomModels.csproj", "{33630DA8-5BF4-4838-BA07-61EB0C77DA58}"
EndProject
Project("{9A19103F-16F7-4668-BE54-9A1E7A4F7556}") = "Elsa.CustomWorkflow.Sdk", "Elsa.CustomWorkflow.Sdk\Elsa.CustomWorkflow.Sdk.csproj", "{2862784C-F4E4-4F92-9F23-16D5E51163EC}"
EndProject
Project("{9A19103F-16F7-4668-BE54-9A1E7A4F7556}") = "Elsa.CustomInfrastructure", "Elsa.CustomInfrastructure\Elsa.CustomInfrastructure.csproj", "{A7A3022E-1A0A-4152-934A-29ECA2999259}"
EndProject
Project("{2150E333-8FDC-42A3-9474-1A3956D46DE8}") = "Tests.Server", "Tests.Server", "{D9C1B281-DBBB-46D1-AC59-2AF021AC8FAE}"
EndProject
Project("{9A19103F-16F7-4668-BE54-9A1E7A4F7556}") = "Elsa.Server.Tests", "Elsa.Server.Tests\Elsa.Server.Tests.csproj", "{B87F7F4B-B61B-4EBD-8DF1-F2347CDCAA1B}"
EndProject
Project("{9A19103F-16F7-4668-BE54-9A1E7A4F7556}") = "Elsa.CustomWorkflow.Sdk.Tests", "Elsa.CustomWorkflow.Sdk.Tests\Elsa.CustomWorkflow.Sdk.Tests.csproj", "{05EAC168-7178-49FD-8DA0-F2B76F824C19}"
EndProject
Project("{9A19103F-16F7-4668-BE54-9A1E7A4F7556}") = "He.PipelineAssessment.UI.Tests", "He.PipelineAssessment.UI.Tests\He.PipelineAssessment.UI.Tests.csproj", "{60B5792C-6C41-4BED-AF95-27078ED13405}"
EndProject
Project("{9A19103F-16F7-4668-BE54-9A1E7A4F7556}") = "Elsa.CustomActivities.Tests", "Elsa.CustomActivities.Tests\Elsa.CustomActivities.Tests.csproj", "{FEFA3943-09A7-4201-A34D-4CC4B36243D9}"
EndProject
Project("{2150E333-8FDC-42A3-9474-1A3956D46DE8}") = "Solution Items", "Solution Items", "{60184F01-9213-4233-B604-A3F384050DB6}"
	ProjectSection(SolutionItems) = preProject
		CodeCoverage.runsettings = CodeCoverage.runsettings
		Directory.Build.props = Directory.Build.props
		Directory.Packages.props = Directory.Packages.props
		nuget.config = nuget.config
		..\README.md = ..\README.md
	EndProjectSection
EndProject
Project("{2150E333-8FDC-42A3-9474-1A3956D46DE8}") = "docker-compose", "docker-compose", "{04B38B6E-B763-47BC-B3F2-7B963C183720}"
EndProject
Project("{2150E333-8FDC-42A3-9474-1A3956D46DE8}") = "Tests.UI", "Tests.UI", "{215A0830-F4AB-44AB-BED3-AA170F692B51}"
EndProject
Project("{E53339B2-1760-4266-BCC7-CA923CBCF16C}") = "docker-compose", "docker-compose\docker-compose.dcproj", "{A1D45CCE-7090-4F14-ACD0-A3F5C7DFCBB7}"
EndProject
Project("{9A19103F-16F7-4668-BE54-9A1E7A4F7556}") = "He.PipelineAssessment.Infrastructure", "He.PipelineAssessment.Infrastructure\He.PipelineAssessment.Infrastructure.csproj", "{7F47C149-E1A3-4E02-8C24-A4BAF3FF63D0}"
EndProject
Project("{9A19103F-16F7-4668-BE54-9A1E7A4F7556}") = "He.PipelineAssessment.Data", "He.PipelineAssessment.Data\He.PipelineAssessment.Data.csproj", "{00052545-39E5-482B-AD76-8A663A753EBC}"
EndProject
Project("{9A19103F-16F7-4668-BE54-9A1E7A4F7556}") = "He.PipelineAssessment.Data.Tests", "He.PipelineAssessment.Data.Tests\He.PipelineAssessment.Data.Tests.csproj", "{C4C045BE-E653-4005-A406-BE3A92989D84}"
EndProject
Project("{9A19103F-16F7-4668-BE54-9A1E7A4F7556}") = "He.PipelineAssessment.Models", "He.PipelineAssessment.Models\He.PipelineAssessment.Models.csproj", "{A7A1F529-34A3-4FAB-B3A8-99E9C98BBC2F}"
EndProject
Project("{2150E333-8FDC-42A3-9474-1A3956D46DE8}") = "Tests.Dashboard", "Tests.Dashboard", "{1F9496B2-63B1-4BBB-B30A-095D5CD76E32}"
EndProject
Project("{9A19103F-16F7-4668-BE54-9A1E7A4F7556}") = "Elsa.Dashboard.Tests", "Elsa.Dashboard.Test\Elsa.Dashboard.Tests.csproj", "{F7ECF6DD-2AEA-4710-A9D5-11969CF15471}"
EndProject
Project("{9A19103F-16F7-4668-BE54-9A1E7A4F7556}") = "He.PipelineAssessment.Tests.Common", "He.PipelineAssessment.Tests.Common\He.PipelineAssessment.Tests.Common.csproj", "{F3336700-3307-4C2E-9577-E000F70A2ED9}"
EndProject
Project("{9A19103F-16F7-4668-BE54-9A1E7A4F7556}") = "He.PipelineAssessment.Models.Tests", "He.PipelineAssessment.Models.Tests\He.PipelineAssessment.Models.Tests.csproj", "{36EBB5E0-4340-4958-B2E6-884435A8DCBE}"
EndProject
Project("{2150E333-8FDC-42A3-9474-1A3956D46DE8}") = "Workflow", "Workflow", "{02EA681E-C7D8-13C7-8484-4AC65E1B71E8}"
EndProject
Project("{2150E333-8FDC-42A3-9474-1A3956D46DE8}") = "core", "core", "{DA2013A9-AA30-4989-9CBD-A2D9A9AE1A3D}"
EndProject
Project("{FAE04EC0-301F-11D3-BF4B-00C04F79EFBC}") = "Elsa.Core", "core\Elsa.Core\Elsa.Core.csproj", "{F90A28F7-DAA9-754A-09D1-91F9D2AA4F1D}"
EndProject
Project("{FAE04EC0-301F-11D3-BF4B-00C04F79EFBC}") = "Elsa.Features", "core\Elsa.Features\Elsa.Features.csproj", "{7C839835-9913-48FA-F0BA-DCE39585A572}"
EndProject
Project("{FAE04EC0-301F-11D3-BF4B-00C04F79EFBC}") = "Elsa.Abstractions", "core\Elsa.Abstractions\Elsa.Abstractions.csproj", "{1449F7B7-0BD0-7C31-D582-7DCBE4578DDB}"
EndProject
Project("{FAE04EC0-301F-11D3-BF4B-00C04F79EFBC}") = "Elsa", "core\Elsa\Elsa.csproj", "{BD8270DA-D574-61D9-672B-32825FA18C46}"
EndProject
Project("{2150E333-8FDC-42A3-9474-1A3956D46DE8}") = "scripting", "scripting", "{CA790093-46C8-4DCC-85B8-A8DA1C81E5DB}"
EndProject
Project("{FAE04EC0-301F-11D3-BF4B-00C04F79EFBC}") = "Elsa.Scripting.JavaScript", "scripting\Elsa.Scripting.JavaScript\Elsa.Scripting.JavaScript.csproj", "{EC8DF532-E68E-3EBC-CC62-6BEB209FAD66}"
EndProject
Project("{FAE04EC0-301F-11D3-BF4B-00C04F79EFBC}") = "Elsa.Scripting.Liquid", "scripting\Elsa.Scripting.Liquid\Elsa.Scripting.Liquid.csproj", "{83480B70-DE9A-BE8C-745B-F1EC25D4DE9F}"
EndProject
Project("{FAE04EC0-301F-11D3-BF4B-00C04F79EFBC}") = "Elsa.Scripting.Sql", "scripting\Elsa.Scripting.Sql\Elsa.Scripting.Sql.csproj", "{0336CB93-9198-29AA-6642-7C8AA4D2CD19}"
EndProject
Project("{2150E333-8FDC-42A3-9474-1A3956D46DE8}") = "activities", "activities", "{07DD54FE-9B56-4C91-84B4-BCA6A17E58D6}"
EndProject
Project("{FAE04EC0-301F-11D3-BF4B-00C04F79EFBC}") = "Elsa.Activities.Console", "activities\Elsa.Activities.Console\Elsa.Activities.Console.csproj", "{44C72C6C-83B9-95C1-F152-0736768F7E46}"
EndProject
Project("{2150E333-8FDC-42A3-9474-1A3956D46DE8}") = "services", "services", "{A63ACADB-E8EE-4383-94A0-5A1100540982}"
EndProject
Project("{2150E333-8FDC-42A3-9474-1A3956D46DE8}") = "persistence", "persistence", "{284C93EC-0848-49B3-AA3F-4D97F03E22AF}"
EndProject
Project("{FAE04EC0-301F-11D3-BF4B-00C04F79EFBC}") = "Elsa.Persistence.EntityFramework.SqlServer", "persistence\Elsa.Persistence.EntityFramework\Elsa.Persistence.EntityFramework.SqlServer\Elsa.Persistence.EntityFramework.SqlServer.csproj", "{B70CAF1A-7D10-2E76-445D-4A9810259F1E}"
EndProject
Project("{FAE04EC0-301F-11D3-BF4B-00C04F79EFBC}") = "Elsa.Persistence.EntityFramework.Core", "persistence\Elsa.Persistence.EntityFramework\Elsa.Persistence.EntityFramework.Core\Elsa.Persistence.EntityFramework.Core.csproj", "{0144F7FA-9D73-FF16-6910-D6AB9E96B23B}"
EndProject
Project("{2150E333-8FDC-42A3-9474-1A3956D46DE8}") = "clients", "clients", "{97AF023F-46FB-4299-AD24-DD06BA78C9E5}"
EndProject
Project("{FAE04EC0-301F-11D3-BF4B-00C04F79EFBC}") = "Elsa.Client", "clients\Elsa.Client\Elsa.Client.csproj", "{02D23B8F-B7D4-64B9-0854-FD7E9E71A7C3}"
EndProject
Project("{FAE04EC0-301F-11D3-BF4B-00C04F79EFBC}") = "Elsa.Activities.Http", "activities\Elsa.Activities.Http\Elsa.Activities.Http.csproj", "{28DEEDC4-00D1-2974-C960-81840854241E}"
EndProject
Project("{2150E333-8FDC-42A3-9474-1A3956D46DE8}") = "server", "server", "{D370E3BF-99B4-4523-94A5-151FAC4CCE0B}"
EndProject
Project("{FAE04EC0-301F-11D3-BF4B-00C04F79EFBC}") = "Elsa.Server.Api", "server\Elsa.Server.Api\Elsa.Server.Api.csproj", "{C900015C-1C79-5F39-1330-8CCBF182007A}"
EndProject
Project("{FAE04EC0-301F-11D3-BF4B-00C04F79EFBC}") = "Elsa.Server.Authentication", "server\Elsa.Server.Authentication\Elsa.Server.Authentication.csproj", "{743A7BA1-D37F-B1FD-869A-C1AD46F5A093}"
EndProject
Project("{FAE04EC0-301F-11D3-BF4B-00C04F79EFBC}") = "Elsa.Server.Core", "server\Elsa.Server.Core\Elsa.Server.Core.csproj", "{14C0CE9E-21E3-B36B-344B-EC7CA9F97602}"
EndProject
Project("{2150E333-8FDC-42A3-9474-1A3956D46DE8}") = "providers", "providers", "{371A42C8-731A-436C-8D7D-43BE0B4E4AB9}"
EndProject
Project("{FAE04EC0-301F-11D3-BF4B-00C04F79EFBC}") = "Elsa.Providers.Redis", "providers\Elsa.Providers.Redis\Elsa.Providers.Redis.csproj", "{B2DDD86D-CF24-FE37-363D-0C82D9A1B3E1}"
EndProject
Project("{2150E333-8FDC-42A3-9474-1A3956D46DE8}") = "modules", "modules", "{5ED6499F-A84D-48D1-AD7D-44F313D32D2D}"
EndProject
Project("{FAE04EC0-301F-11D3-BF4B-00C04F79EFBC}") = "Elsa.WorkflowSettings", "modules\workflowsettings\Elsa.WorkflowSettings\Elsa.WorkflowSettings.csproj", "{C961D9E9-D54A-1ED1-7F62-5B44E2AC4B29}"
EndProject
Project("{FAE04EC0-301F-11D3-BF4B-00C04F79EFBC}") = "Elsa.WorkflowSettings.Persistence.EntityFramework.Core", "modules\workflowsettings\Elsa.WorkflowSettings.Persistence.EntityFramework.Core\Elsa.WorkflowSettings.Persistence.EntityFramework.Core.csproj", "{5BD265D8-F8D6-1A70-04BA-D423FC00008B}"
EndProject
Project("{FAE04EC0-301F-11D3-BF4B-00C04F79EFBC}") = "Elsa.WorkflowSettings.Persistence.EntityFramework.SqlServer", "modules\workflowsettings\Elsa.WorkflowSettings.Persistence.EntityFramework.SqlServer\Elsa.WorkflowSettings.Persistence.EntityFramework.SqlServer.csproj", "{C443918D-A63B-4E5C-7F8F-3D985E140A18}"
EndProject
Project("{FAE04EC0-301F-11D3-BF4B-00C04F79EFBC}") = "Elsa.WorkflowSettings.Api", "modules\workflowsettings\Elsa.WorkflowSettings.Api\Elsa.WorkflowSettings.Api.csproj", "{E44B75DE-618E-0C6C-F219-B904D34CF275}"
EndProject
Project("{2150E333-8FDC-42A3-9474-1A3956D46DE8}") = "designer", "designer", "{D766812D-9D49-42A7-8F03-251E68F3EC03}"
EndProject
Project("{FAE04EC0-301F-11D3-BF4B-00C04F79EFBC}") = "Elsa.Designer.Components.Web", "designer\Elsa.Designer.Components.Web\Elsa.Designer.Components.Web.csproj", "{4B1FAF8E-79E9-9066-310B-16F989DF3008}"
EndProject
Global
	GlobalSection(SolutionConfigurationPlatforms) = preSolution
		Debug|Any CPU = Debug|Any CPU
		Release|Any CPU = Release|Any CPU
	EndGlobalSection
	GlobalSection(ProjectConfigurationPlatforms) = postSolution
		{DBED8C81-CFCD-4BA1-889A-A699DA294D33}.Debug|Any CPU.ActiveCfg = Debug|Any CPU
		{DBED8C81-CFCD-4BA1-889A-A699DA294D33}.Debug|Any CPU.Build.0 = Debug|Any CPU
		{DBED8C81-CFCD-4BA1-889A-A699DA294D33}.Release|Any CPU.ActiveCfg = Release|Any CPU
		{DBED8C81-CFCD-4BA1-889A-A699DA294D33}.Release|Any CPU.Build.0 = Release|Any CPU
		{C8F5AEB4-69A2-4C33-A7B4-DC23BB465CF4}.Debug|Any CPU.ActiveCfg = Debug|Any CPU
		{C8F5AEB4-69A2-4C33-A7B4-DC23BB465CF4}.Debug|Any CPU.Build.0 = Debug|Any CPU
		{C8F5AEB4-69A2-4C33-A7B4-DC23BB465CF4}.Release|Any CPU.ActiveCfg = Release|Any CPU
		{C8F5AEB4-69A2-4C33-A7B4-DC23BB465CF4}.Release|Any CPU.Build.0 = Release|Any CPU
		{C4FDA81C-74A5-45C3-9617-D3B1A8C34611}.Debug|Any CPU.ActiveCfg = Debug|Any CPU
		{C4FDA81C-74A5-45C3-9617-D3B1A8C34611}.Debug|Any CPU.Build.0 = Debug|Any CPU
		{C4FDA81C-74A5-45C3-9617-D3B1A8C34611}.Release|Any CPU.ActiveCfg = Release|Any CPU
		{C4FDA81C-74A5-45C3-9617-D3B1A8C34611}.Release|Any CPU.Build.0 = Release|Any CPU
		{56A1066D-5636-4CC6-938D-A417B037B87A}.Debug|Any CPU.ActiveCfg = Debug|Any CPU
		{56A1066D-5636-4CC6-938D-A417B037B87A}.Debug|Any CPU.Build.0 = Debug|Any CPU
		{56A1066D-5636-4CC6-938D-A417B037B87A}.Release|Any CPU.ActiveCfg = Release|Any CPU
		{56A1066D-5636-4CC6-938D-A417B037B87A}.Release|Any CPU.Build.0 = Release|Any CPU
		{33630DA8-5BF4-4838-BA07-61EB0C77DA58}.Debug|Any CPU.ActiveCfg = Debug|Any CPU
		{33630DA8-5BF4-4838-BA07-61EB0C77DA58}.Debug|Any CPU.Build.0 = Debug|Any CPU
		{33630DA8-5BF4-4838-BA07-61EB0C77DA58}.Release|Any CPU.ActiveCfg = Release|Any CPU
		{33630DA8-5BF4-4838-BA07-61EB0C77DA58}.Release|Any CPU.Build.0 = Release|Any CPU
		{2862784C-F4E4-4F92-9F23-16D5E51163EC}.Debug|Any CPU.ActiveCfg = Debug|Any CPU
		{2862784C-F4E4-4F92-9F23-16D5E51163EC}.Debug|Any CPU.Build.0 = Debug|Any CPU
		{2862784C-F4E4-4F92-9F23-16D5E51163EC}.Release|Any CPU.ActiveCfg = Release|Any CPU
		{2862784C-F4E4-4F92-9F23-16D5E51163EC}.Release|Any CPU.Build.0 = Release|Any CPU
		{A7A3022E-1A0A-4152-934A-29ECA2999259}.Debug|Any CPU.ActiveCfg = Debug|Any CPU
		{A7A3022E-1A0A-4152-934A-29ECA2999259}.Debug|Any CPU.Build.0 = Debug|Any CPU
		{A7A3022E-1A0A-4152-934A-29ECA2999259}.Release|Any CPU.ActiveCfg = Release|Any CPU
		{A7A3022E-1A0A-4152-934A-29ECA2999259}.Release|Any CPU.Build.0 = Release|Any CPU
		{B87F7F4B-B61B-4EBD-8DF1-F2347CDCAA1B}.Debug|Any CPU.ActiveCfg = Debug|Any CPU
		{B87F7F4B-B61B-4EBD-8DF1-F2347CDCAA1B}.Debug|Any CPU.Build.0 = Debug|Any CPU
		{B87F7F4B-B61B-4EBD-8DF1-F2347CDCAA1B}.Release|Any CPU.ActiveCfg = Release|Any CPU
		{B87F7F4B-B61B-4EBD-8DF1-F2347CDCAA1B}.Release|Any CPU.Build.0 = Release|Any CPU
		{05EAC168-7178-49FD-8DA0-F2B76F824C19}.Debug|Any CPU.ActiveCfg = Debug|Any CPU
		{05EAC168-7178-49FD-8DA0-F2B76F824C19}.Debug|Any CPU.Build.0 = Debug|Any CPU
		{05EAC168-7178-49FD-8DA0-F2B76F824C19}.Release|Any CPU.ActiveCfg = Release|Any CPU
		{05EAC168-7178-49FD-8DA0-F2B76F824C19}.Release|Any CPU.Build.0 = Release|Any CPU
		{60B5792C-6C41-4BED-AF95-27078ED13405}.Debug|Any CPU.ActiveCfg = Debug|Any CPU
		{60B5792C-6C41-4BED-AF95-27078ED13405}.Debug|Any CPU.Build.0 = Debug|Any CPU
		{60B5792C-6C41-4BED-AF95-27078ED13405}.Release|Any CPU.ActiveCfg = Release|Any CPU
		{60B5792C-6C41-4BED-AF95-27078ED13405}.Release|Any CPU.Build.0 = Release|Any CPU
		{FEFA3943-09A7-4201-A34D-4CC4B36243D9}.Debug|Any CPU.ActiveCfg = Debug|Any CPU
		{FEFA3943-09A7-4201-A34D-4CC4B36243D9}.Debug|Any CPU.Build.0 = Debug|Any CPU
		{FEFA3943-09A7-4201-A34D-4CC4B36243D9}.Release|Any CPU.ActiveCfg = Release|Any CPU
		{FEFA3943-09A7-4201-A34D-4CC4B36243D9}.Release|Any CPU.Build.0 = Release|Any CPU
		{A1D45CCE-7090-4F14-ACD0-A3F5C7DFCBB7}.Debug|Any CPU.ActiveCfg = Debug|Any CPU
		{A1D45CCE-7090-4F14-ACD0-A3F5C7DFCBB7}.Debug|Any CPU.Build.0 = Debug|Any CPU
		{A1D45CCE-7090-4F14-ACD0-A3F5C7DFCBB7}.Release|Any CPU.ActiveCfg = Release|Any CPU
		{A1D45CCE-7090-4F14-ACD0-A3F5C7DFCBB7}.Release|Any CPU.Build.0 = Release|Any CPU
		{7F47C149-E1A3-4E02-8C24-A4BAF3FF63D0}.Debug|Any CPU.ActiveCfg = Debug|Any CPU
		{7F47C149-E1A3-4E02-8C24-A4BAF3FF63D0}.Debug|Any CPU.Build.0 = Debug|Any CPU
		{7F47C149-E1A3-4E02-8C24-A4BAF3FF63D0}.Release|Any CPU.ActiveCfg = Release|Any CPU
		{7F47C149-E1A3-4E02-8C24-A4BAF3FF63D0}.Release|Any CPU.Build.0 = Release|Any CPU
		{00052545-39E5-482B-AD76-8A663A753EBC}.Debug|Any CPU.ActiveCfg = Debug|Any CPU
		{00052545-39E5-482B-AD76-8A663A753EBC}.Debug|Any CPU.Build.0 = Debug|Any CPU
		{00052545-39E5-482B-AD76-8A663A753EBC}.Release|Any CPU.ActiveCfg = Release|Any CPU
		{00052545-39E5-482B-AD76-8A663A753EBC}.Release|Any CPU.Build.0 = Release|Any CPU
		{C4C045BE-E653-4005-A406-BE3A92989D84}.Debug|Any CPU.ActiveCfg = Debug|Any CPU
		{C4C045BE-E653-4005-A406-BE3A92989D84}.Debug|Any CPU.Build.0 = Debug|Any CPU
		{C4C045BE-E653-4005-A406-BE3A92989D84}.Release|Any CPU.ActiveCfg = Release|Any CPU
		{C4C045BE-E653-4005-A406-BE3A92989D84}.Release|Any CPU.Build.0 = Release|Any CPU
		{A7A1F529-34A3-4FAB-B3A8-99E9C98BBC2F}.Debug|Any CPU.ActiveCfg = Debug|Any CPU
		{A7A1F529-34A3-4FAB-B3A8-99E9C98BBC2F}.Debug|Any CPU.Build.0 = Debug|Any CPU
		{A7A1F529-34A3-4FAB-B3A8-99E9C98BBC2F}.Release|Any CPU.ActiveCfg = Release|Any CPU
		{A7A1F529-34A3-4FAB-B3A8-99E9C98BBC2F}.Release|Any CPU.Build.0 = Release|Any CPU
		{F7ECF6DD-2AEA-4710-A9D5-11969CF15471}.Debug|Any CPU.ActiveCfg = Debug|Any CPU
		{F7ECF6DD-2AEA-4710-A9D5-11969CF15471}.Debug|Any CPU.Build.0 = Debug|Any CPU
		{F7ECF6DD-2AEA-4710-A9D5-11969CF15471}.Release|Any CPU.ActiveCfg = Release|Any CPU
		{F7ECF6DD-2AEA-4710-A9D5-11969CF15471}.Release|Any CPU.Build.0 = Release|Any CPU
		{F3336700-3307-4C2E-9577-E000F70A2ED9}.Debug|Any CPU.ActiveCfg = Debug|Any CPU
		{F3336700-3307-4C2E-9577-E000F70A2ED9}.Debug|Any CPU.Build.0 = Debug|Any CPU
		{F3336700-3307-4C2E-9577-E000F70A2ED9}.Release|Any CPU.ActiveCfg = Release|Any CPU
		{F3336700-3307-4C2E-9577-E000F70A2ED9}.Release|Any CPU.Build.0 = Release|Any CPU
		{36EBB5E0-4340-4958-B2E6-884435A8DCBE}.Debug|Any CPU.ActiveCfg = Debug|Any CPU
		{36EBB5E0-4340-4958-B2E6-884435A8DCBE}.Debug|Any CPU.Build.0 = Debug|Any CPU
		{36EBB5E0-4340-4958-B2E6-884435A8DCBE}.Release|Any CPU.ActiveCfg = Release|Any CPU
		{36EBB5E0-4340-4958-B2E6-884435A8DCBE}.Release|Any CPU.Build.0 = Release|Any CPU
		{F90A28F7-DAA9-754A-09D1-91F9D2AA4F1D}.Debug|Any CPU.ActiveCfg = Debug|Any CPU
		{F90A28F7-DAA9-754A-09D1-91F9D2AA4F1D}.Debug|Any CPU.Build.0 = Debug|Any CPU
		{F90A28F7-DAA9-754A-09D1-91F9D2AA4F1D}.Release|Any CPU.ActiveCfg = Release|Any CPU
		{F90A28F7-DAA9-754A-09D1-91F9D2AA4F1D}.Release|Any CPU.Build.0 = Release|Any CPU
		{7C839835-9913-48FA-F0BA-DCE39585A572}.Debug|Any CPU.ActiveCfg = Debug|Any CPU
		{7C839835-9913-48FA-F0BA-DCE39585A572}.Debug|Any CPU.Build.0 = Debug|Any CPU
		{7C839835-9913-48FA-F0BA-DCE39585A572}.Release|Any CPU.ActiveCfg = Release|Any CPU
		{7C839835-9913-48FA-F0BA-DCE39585A572}.Release|Any CPU.Build.0 = Release|Any CPU
		{1449F7B7-0BD0-7C31-D582-7DCBE4578DDB}.Debug|Any CPU.ActiveCfg = Debug|Any CPU
		{1449F7B7-0BD0-7C31-D582-7DCBE4578DDB}.Debug|Any CPU.Build.0 = Debug|Any CPU
		{1449F7B7-0BD0-7C31-D582-7DCBE4578DDB}.Release|Any CPU.ActiveCfg = Release|Any CPU
		{1449F7B7-0BD0-7C31-D582-7DCBE4578DDB}.Release|Any CPU.Build.0 = Release|Any CPU
		{BD8270DA-D574-61D9-672B-32825FA18C46}.Debug|Any CPU.ActiveCfg = Debug|Any CPU
		{BD8270DA-D574-61D9-672B-32825FA18C46}.Debug|Any CPU.Build.0 = Debug|Any CPU
		{BD8270DA-D574-61D9-672B-32825FA18C46}.Release|Any CPU.ActiveCfg = Release|Any CPU
		{BD8270DA-D574-61D9-672B-32825FA18C46}.Release|Any CPU.Build.0 = Release|Any CPU
		{EC8DF532-E68E-3EBC-CC62-6BEB209FAD66}.Debug|Any CPU.ActiveCfg = Debug|Any CPU
		{EC8DF532-E68E-3EBC-CC62-6BEB209FAD66}.Debug|Any CPU.Build.0 = Debug|Any CPU
		{EC8DF532-E68E-3EBC-CC62-6BEB209FAD66}.Release|Any CPU.ActiveCfg = Release|Any CPU
		{EC8DF532-E68E-3EBC-CC62-6BEB209FAD66}.Release|Any CPU.Build.0 = Release|Any CPU
		{83480B70-DE9A-BE8C-745B-F1EC25D4DE9F}.Debug|Any CPU.ActiveCfg = Debug|Any CPU
		{83480B70-DE9A-BE8C-745B-F1EC25D4DE9F}.Debug|Any CPU.Build.0 = Debug|Any CPU
		{83480B70-DE9A-BE8C-745B-F1EC25D4DE9F}.Release|Any CPU.ActiveCfg = Release|Any CPU
		{83480B70-DE9A-BE8C-745B-F1EC25D4DE9F}.Release|Any CPU.Build.0 = Release|Any CPU
		{0336CB93-9198-29AA-6642-7C8AA4D2CD19}.Debug|Any CPU.ActiveCfg = Debug|Any CPU
		{0336CB93-9198-29AA-6642-7C8AA4D2CD19}.Debug|Any CPU.Build.0 = Debug|Any CPU
		{0336CB93-9198-29AA-6642-7C8AA4D2CD19}.Release|Any CPU.ActiveCfg = Release|Any CPU
		{0336CB93-9198-29AA-6642-7C8AA4D2CD19}.Release|Any CPU.Build.0 = Release|Any CPU
		{44C72C6C-83B9-95C1-F152-0736768F7E46}.Debug|Any CPU.ActiveCfg = Debug|Any CPU
		{44C72C6C-83B9-95C1-F152-0736768F7E46}.Debug|Any CPU.Build.0 = Debug|Any CPU
		{44C72C6C-83B9-95C1-F152-0736768F7E46}.Release|Any CPU.ActiveCfg = Release|Any CPU
		{44C72C6C-83B9-95C1-F152-0736768F7E46}.Release|Any CPU.Build.0 = Release|Any CPU
		{B70CAF1A-7D10-2E76-445D-4A9810259F1E}.Debug|Any CPU.ActiveCfg = Debug|Any CPU
		{B70CAF1A-7D10-2E76-445D-4A9810259F1E}.Debug|Any CPU.Build.0 = Debug|Any CPU
		{B70CAF1A-7D10-2E76-445D-4A9810259F1E}.Release|Any CPU.ActiveCfg = Release|Any CPU
		{B70CAF1A-7D10-2E76-445D-4A9810259F1E}.Release|Any CPU.Build.0 = Release|Any CPU
		{0144F7FA-9D73-FF16-6910-D6AB9E96B23B}.Debug|Any CPU.ActiveCfg = Debug|Any CPU
		{0144F7FA-9D73-FF16-6910-D6AB9E96B23B}.Debug|Any CPU.Build.0 = Debug|Any CPU
		{0144F7FA-9D73-FF16-6910-D6AB9E96B23B}.Release|Any CPU.ActiveCfg = Release|Any CPU
		{0144F7FA-9D73-FF16-6910-D6AB9E96B23B}.Release|Any CPU.Build.0 = Release|Any CPU
		{02D23B8F-B7D4-64B9-0854-FD7E9E71A7C3}.Debug|Any CPU.ActiveCfg = Debug|Any CPU
		{02D23B8F-B7D4-64B9-0854-FD7E9E71A7C3}.Debug|Any CPU.Build.0 = Debug|Any CPU
		{02D23B8F-B7D4-64B9-0854-FD7E9E71A7C3}.Release|Any CPU.ActiveCfg = Release|Any CPU
		{02D23B8F-B7D4-64B9-0854-FD7E9E71A7C3}.Release|Any CPU.Build.0 = Release|Any CPU
		{28DEEDC4-00D1-2974-C960-81840854241E}.Debug|Any CPU.ActiveCfg = Debug|Any CPU
		{28DEEDC4-00D1-2974-C960-81840854241E}.Debug|Any CPU.Build.0 = Debug|Any CPU
		{28DEEDC4-00D1-2974-C960-81840854241E}.Release|Any CPU.ActiveCfg = Release|Any CPU
		{28DEEDC4-00D1-2974-C960-81840854241E}.Release|Any CPU.Build.0 = Release|Any CPU
		{C900015C-1C79-5F39-1330-8CCBF182007A}.Debug|Any CPU.ActiveCfg = Debug|Any CPU
		{C900015C-1C79-5F39-1330-8CCBF182007A}.Debug|Any CPU.Build.0 = Debug|Any CPU
		{C900015C-1C79-5F39-1330-8CCBF182007A}.Release|Any CPU.ActiveCfg = Release|Any CPU
		{C900015C-1C79-5F39-1330-8CCBF182007A}.Release|Any CPU.Build.0 = Release|Any CPU
		{743A7BA1-D37F-B1FD-869A-C1AD46F5A093}.Debug|Any CPU.ActiveCfg = Debug|Any CPU
		{743A7BA1-D37F-B1FD-869A-C1AD46F5A093}.Debug|Any CPU.Build.0 = Debug|Any CPU
		{743A7BA1-D37F-B1FD-869A-C1AD46F5A093}.Release|Any CPU.ActiveCfg = Release|Any CPU
		{743A7BA1-D37F-B1FD-869A-C1AD46F5A093}.Release|Any CPU.Build.0 = Release|Any CPU
		{14C0CE9E-21E3-B36B-344B-EC7CA9F97602}.Debug|Any CPU.ActiveCfg = Debug|Any CPU
		{14C0CE9E-21E3-B36B-344B-EC7CA9F97602}.Debug|Any CPU.Build.0 = Debug|Any CPU
		{14C0CE9E-21E3-B36B-344B-EC7CA9F97602}.Release|Any CPU.ActiveCfg = Release|Any CPU
		{14C0CE9E-21E3-B36B-344B-EC7CA9F97602}.Release|Any CPU.Build.0 = Release|Any CPU
		{B2DDD86D-CF24-FE37-363D-0C82D9A1B3E1}.Debug|Any CPU.ActiveCfg = Debug|Any CPU
		{B2DDD86D-CF24-FE37-363D-0C82D9A1B3E1}.Debug|Any CPU.Build.0 = Debug|Any CPU
		{B2DDD86D-CF24-FE37-363D-0C82D9A1B3E1}.Release|Any CPU.ActiveCfg = Release|Any CPU
		{B2DDD86D-CF24-FE37-363D-0C82D9A1B3E1}.Release|Any CPU.Build.0 = Release|Any CPU
		{C961D9E9-D54A-1ED1-7F62-5B44E2AC4B29}.Debug|Any CPU.ActiveCfg = Debug|Any CPU
		{C961D9E9-D54A-1ED1-7F62-5B44E2AC4B29}.Debug|Any CPU.Build.0 = Debug|Any CPU
		{C961D9E9-D54A-1ED1-7F62-5B44E2AC4B29}.Release|Any CPU.ActiveCfg = Release|Any CPU
		{C961D9E9-D54A-1ED1-7F62-5B44E2AC4B29}.Release|Any CPU.Build.0 = Release|Any CPU
		{5BD265D8-F8D6-1A70-04BA-D423FC00008B}.Debug|Any CPU.ActiveCfg = Debug|Any CPU
		{5BD265D8-F8D6-1A70-04BA-D423FC00008B}.Debug|Any CPU.Build.0 = Debug|Any CPU
		{5BD265D8-F8D6-1A70-04BA-D423FC00008B}.Release|Any CPU.ActiveCfg = Release|Any CPU
		{5BD265D8-F8D6-1A70-04BA-D423FC00008B}.Release|Any CPU.Build.0 = Release|Any CPU
		{C443918D-A63B-4E5C-7F8F-3D985E140A18}.Debug|Any CPU.ActiveCfg = Debug|Any CPU
		{C443918D-A63B-4E5C-7F8F-3D985E140A18}.Debug|Any CPU.Build.0 = Debug|Any CPU
		{C443918D-A63B-4E5C-7F8F-3D985E140A18}.Release|Any CPU.ActiveCfg = Release|Any CPU
		{C443918D-A63B-4E5C-7F8F-3D985E140A18}.Release|Any CPU.Build.0 = Release|Any CPU
		{E44B75DE-618E-0C6C-F219-B904D34CF275}.Debug|Any CPU.ActiveCfg = Debug|Any CPU
		{E44B75DE-618E-0C6C-F219-B904D34CF275}.Debug|Any CPU.Build.0 = Debug|Any CPU
		{E44B75DE-618E-0C6C-F219-B904D34CF275}.Release|Any CPU.ActiveCfg = Release|Any CPU
		{E44B75DE-618E-0C6C-F219-B904D34CF275}.Release|Any CPU.Build.0 = Release|Any CPU
		{4B1FAF8E-79E9-9066-310B-16F989DF3008}.Debug|Any CPU.ActiveCfg = Debug|Any CPU
		{4B1FAF8E-79E9-9066-310B-16F989DF3008}.Debug|Any CPU.Build.0 = Debug|Any CPU
		{4B1FAF8E-79E9-9066-310B-16F989DF3008}.Release|Any CPU.ActiveCfg = Release|Any CPU
		{4B1FAF8E-79E9-9066-310B-16F989DF3008}.Release|Any CPU.Build.0 = Release|Any CPU
	EndGlobalSection
	GlobalSection(SolutionProperties) = preSolution
		HideSolutionNode = FALSE
	EndGlobalSection
	GlobalSection(NestedProjects) = preSolution
		{B87F7F4B-B61B-4EBD-8DF1-F2347CDCAA1B} = {D9C1B281-DBBB-46D1-AC59-2AF021AC8FAE}
		{05EAC168-7178-49FD-8DA0-F2B76F824C19} = {215A0830-F4AB-44AB-BED3-AA170F692B51}
		{60B5792C-6C41-4BED-AF95-27078ED13405} = {215A0830-F4AB-44AB-BED3-AA170F692B51}
		{FEFA3943-09A7-4201-A34D-4CC4B36243D9} = {D9C1B281-DBBB-46D1-AC59-2AF021AC8FAE}
		{A1D45CCE-7090-4F14-ACD0-A3F5C7DFCBB7} = {04B38B6E-B763-47BC-B3F2-7B963C183720}
		{C4C045BE-E653-4005-A406-BE3A92989D84} = {D9C1B281-DBBB-46D1-AC59-2AF021AC8FAE}
		{F7ECF6DD-2AEA-4710-A9D5-11969CF15471} = {1F9496B2-63B1-4BBB-B30A-095D5CD76E32}
		{36EBB5E0-4340-4958-B2E6-884435A8DCBE} = {215A0830-F4AB-44AB-BED3-AA170F692B51}
		{DA2013A9-AA30-4989-9CBD-A2D9A9AE1A3D} = {02EA681E-C7D8-13C7-8484-4AC65E1B71E8}
		{F90A28F7-DAA9-754A-09D1-91F9D2AA4F1D} = {DA2013A9-AA30-4989-9CBD-A2D9A9AE1A3D}
		{7C839835-9913-48FA-F0BA-DCE39585A572} = {DA2013A9-AA30-4989-9CBD-A2D9A9AE1A3D}
		{1449F7B7-0BD0-7C31-D582-7DCBE4578DDB} = {DA2013A9-AA30-4989-9CBD-A2D9A9AE1A3D}
		{BD8270DA-D574-61D9-672B-32825FA18C46} = {DA2013A9-AA30-4989-9CBD-A2D9A9AE1A3D}
		{CA790093-46C8-4DCC-85B8-A8DA1C81E5DB} = {02EA681E-C7D8-13C7-8484-4AC65E1B71E8}
		{EC8DF532-E68E-3EBC-CC62-6BEB209FAD66} = {CA790093-46C8-4DCC-85B8-A8DA1C81E5DB}
		{83480B70-DE9A-BE8C-745B-F1EC25D4DE9F} = {CA790093-46C8-4DCC-85B8-A8DA1C81E5DB}
		{0336CB93-9198-29AA-6642-7C8AA4D2CD19} = {CA790093-46C8-4DCC-85B8-A8DA1C81E5DB}
		{07DD54FE-9B56-4C91-84B4-BCA6A17E58D6} = {02EA681E-C7D8-13C7-8484-4AC65E1B71E8}
		{44C72C6C-83B9-95C1-F152-0736768F7E46} = {07DD54FE-9B56-4C91-84B4-BCA6A17E58D6}
		{A63ACADB-E8EE-4383-94A0-5A1100540982} = {02EA681E-C7D8-13C7-8484-4AC65E1B71E8}
		{284C93EC-0848-49B3-AA3F-4D97F03E22AF} = {02EA681E-C7D8-13C7-8484-4AC65E1B71E8}
		{B70CAF1A-7D10-2E76-445D-4A9810259F1E} = {284C93EC-0848-49B3-AA3F-4D97F03E22AF}
		{0144F7FA-9D73-FF16-6910-D6AB9E96B23B} = {284C93EC-0848-49B3-AA3F-4D97F03E22AF}
		{97AF023F-46FB-4299-AD24-DD06BA78C9E5} = {02EA681E-C7D8-13C7-8484-4AC65E1B71E8}
		{02D23B8F-B7D4-64B9-0854-FD7E9E71A7C3} = {97AF023F-46FB-4299-AD24-DD06BA78C9E5}
		{28DEEDC4-00D1-2974-C960-81840854241E} = {07DD54FE-9B56-4C91-84B4-BCA6A17E58D6}
		{D370E3BF-99B4-4523-94A5-151FAC4CCE0B} = {02EA681E-C7D8-13C7-8484-4AC65E1B71E8}
		{C900015C-1C79-5F39-1330-8CCBF182007A} = {D370E3BF-99B4-4523-94A5-151FAC4CCE0B}
		{743A7BA1-D37F-B1FD-869A-C1AD46F5A093} = {D370E3BF-99B4-4523-94A5-151FAC4CCE0B}
		{14C0CE9E-21E3-B36B-344B-EC7CA9F97602} = {D370E3BF-99B4-4523-94A5-151FAC4CCE0B}
		{371A42C8-731A-436C-8D7D-43BE0B4E4AB9} = {02EA681E-C7D8-13C7-8484-4AC65E1B71E8}
		{B2DDD86D-CF24-FE37-363D-0C82D9A1B3E1} = {371A42C8-731A-436C-8D7D-43BE0B4E4AB9}
		{5ED6499F-A84D-48D1-AD7D-44F313D32D2D} = {02EA681E-C7D8-13C7-8484-4AC65E1B71E8}
		{C961D9E9-D54A-1ED1-7F62-5B44E2AC4B29} = {5ED6499F-A84D-48D1-AD7D-44F313D32D2D}
		{5BD265D8-F8D6-1A70-04BA-D423FC00008B} = {5ED6499F-A84D-48D1-AD7D-44F313D32D2D}
		{C443918D-A63B-4E5C-7F8F-3D985E140A18} = {5ED6499F-A84D-48D1-AD7D-44F313D32D2D}
		{E44B75DE-618E-0C6C-F219-B904D34CF275} = {5ED6499F-A84D-48D1-AD7D-44F313D32D2D}
		{D766812D-9D49-42A7-8F03-251E68F3EC03} = {02EA681E-C7D8-13C7-8484-4AC65E1B71E8}
		{4B1FAF8E-79E9-9066-310B-16F989DF3008} = {D766812D-9D49-42A7-8F03-251E68F3EC03}
	EndGlobalSection
	GlobalSection(ExtensibilityGlobals) = postSolution
		SolutionGuid = {8FBFE024-7094-4738-B42D-4214E6140235}
	EndGlobalSection
EndGlobal
