
Microsoft Visual Studio Solution File, Format Version 12.00
# Visual Studio Version 17
VisualStudioVersion = 17.2.32616.157
MinimumVisualStudioVersion = 10.0.40219.1
Project("{9A19103F-16F7-4668-BE54-9A1E7A4F7556}") = "Elsa.CustomActivities", "Elsa.CustomActivities\Elsa.CustomActivities.csproj", "{DBED8C81-CFCD-4BA1-889A-A699DA294D33}"
EndProject
Project("{9A19103F-16F7-4668-BE54-9A1E7A4F7556}") = "Elsa.Server", "Elsa.Server\Elsa.Server.csproj", "{C8F5AEB4-69A2-4C33-A7B4-DC23BB465CF4}"
EndProject
Project("{9A19103F-16F7-4668-BE54-9A1E7A4F7556}") = "Elsa.Dashboard", "Elsa.Dashboard\Elsa.Dashboard.csproj", "{C4FDA81C-74A5-45C3-9617-D3B1A8C34611}"
	ProjectSection(ProjectDependencies) = postProject
		{C8F5AEB4-69A2-4C33-A7B4-DC23BB465CF4} = {C8F5AEB4-69A2-4C33-A7B4-DC23BB465CF4}
	EndProjectSection
EndProject
Project("{9A19103F-16F7-4668-BE54-9A1E7A4F7556}") = "He.PipelineAssessment.UI", "He.PipelineAssessment.UI\He.PipelineAssessment.UI.csproj", "{56A1066D-5636-4CC6-938D-A417B037B87A}"
EndProject
Project("{9A19103F-16F7-4668-BE54-9A1E7A4F7556}") = "Elsa.CustomModels", "Elsa.Models\Elsa.CustomModels.csproj", "{33630DA8-5BF4-4838-BA07-61EB0C77DA58}"
EndProject
Project("{9A19103F-16F7-4668-BE54-9A1E7A4F7556}") = "Elsa.CustomWorkflow.Sdk", "Elsa.CustomWorkflow.Sdk\Elsa.CustomWorkflow.Sdk.csproj", "{2862784C-F4E4-4F92-9F23-16D5E51163EC}"
EndProject
Project("{9A19103F-16F7-4668-BE54-9A1E7A4F7556}") = "Elsa.CustomInfrastructure", "Elsa.CustomInfrastructure\Elsa.CustomInfrastructure.csproj", "{A7A3022E-1A0A-4152-934A-29ECA2999259}"
EndProject
Project("{2150E333-8FDC-42A3-9474-1A3956D46DE8}") = "Tests.Server", "Tests.Server", "{D9C1B281-DBBB-46D1-AC59-2AF021AC8FAE}"
EndProject
Project("{9A19103F-16F7-4668-BE54-9A1E7A4F7556}") = "Elsa.Server.Tests", "Elsa.Server.Tests\Elsa.Server.Tests.csproj", "{B87F7F4B-B61B-4EBD-8DF1-F2347CDCAA1B}"
EndProject
Project("{9A19103F-16F7-4668-BE54-9A1E7A4F7556}") = "Elsa.CustomWorkflow.Sdk.Tests", "Elsa.CustomWorkflow.Sdk.Tests\Elsa.CustomWorkflow.Sdk.Tests.csproj", "{05EAC168-7178-49FD-8DA0-F2B76F824C19}"
EndProject
Project("{9A19103F-16F7-4668-BE54-9A1E7A4F7556}") = "He.PipelineAssessment.UI.Tests", "He.PipelineAssessment.UI.Tests\He.PipelineAssessment.UI.Tests.csproj", "{60B5792C-6C41-4BED-AF95-27078ED13405}"
EndProject
Project("{9A19103F-16F7-4668-BE54-9A1E7A4F7556}") = "Elsa.CustomActivities.Tests", "Elsa.CustomActivities.Tests\Elsa.CustomActivities.Tests.csproj", "{FEFA3943-09A7-4201-A34D-4CC4B36243D9}"
EndProject
Project("{2150E333-8FDC-42A3-9474-1A3956D46DE8}") = "Solution Items", "Solution Items", "{60184F01-9213-4233-B604-A3F384050DB6}"
	ProjectSection(SolutionItems) = preProject
		CodeCoverage.runsettings = CodeCoverage.runsettings
		..\README.md = ..\README.md
	EndProjectSection
EndProject
Project("{2150E333-8FDC-42A3-9474-1A3956D46DE8}") = "docker-compose", "docker-compose", "{04B38B6E-B763-47BC-B3F2-7B963C183720}"
EndProject
Project("{2150E333-8FDC-42A3-9474-1A3956D46DE8}") = "Tests.UI", "Tests.UI", "{215A0830-F4AB-44AB-BED3-AA170F692B51}"
EndProject
Project("{E53339B2-1760-4266-BCC7-CA923CBCF16C}") = "docker-compose", "docker-compose\docker-compose.dcproj", "{A1D45CCE-7090-4F14-ACD0-A3F5C7DFCBB7}"
EndProject
Project("{9A19103F-16F7-4668-BE54-9A1E7A4F7556}") = "He.PipelineAssessment.Infrastructure", "He.PipelineAssessment.Infrastructure\He.PipelineAssessment.Infrastructure.csproj", "{7F47C149-E1A3-4E02-8C24-A4BAF3FF63D0}"
EndProject
Project("{9A19103F-16F7-4668-BE54-9A1E7A4F7556}") = "He.PipelineAssessment.Data", "He.PipelineAssessment.Data\He.PipelineAssessment.Data.csproj", "{00052545-39E5-482B-AD76-8A663A753EBC}"
EndProject
Project("{9A19103F-16F7-4668-BE54-9A1E7A4F7556}") = "He.PipelineAssessment.Data.Tests", "He.PipelineAssessment.Data.Tests\He.PipelineAssessment.Data.Tests.csproj", "{C4C045BE-E653-4005-A406-BE3A92989D84}"
EndProject
Project("{9A19103F-16F7-4668-BE54-9A1E7A4F7556}") = "He.PipelineAssessment.Models", "He.PipelineAssessment.Models\He.PipelineAssessment.Models.csproj", "{A7A1F529-34A3-4FAB-B3A8-99E9C98BBC2F}"
EndProject
Project("{2150E333-8FDC-42A3-9474-1A3956D46DE8}") = "Tests.Dashboard", "Tests.Dashboard", "{1F9496B2-63B1-4BBB-B30A-095D5CD76E32}"
EndProject
Project("{9A19103F-16F7-4668-BE54-9A1E7A4F7556}") = "Elsa.Dashboard.Tests", "Elsa.Dashboard.Test\Elsa.Dashboard.Tests.csproj", "{F7ECF6DD-2AEA-4710-A9D5-11969CF15471}"
EndProject
Project("{9A19103F-16F7-4668-BE54-9A1E7A4F7556}") = "He.PipelineAssessment.Tests.Common", "He.PipelineAssessment.Tests.Common\He.PipelineAssessment.Tests.Common.csproj", "{F3336700-3307-4C2E-9577-E000F70A2ED9}"
EndProject
Global
	GlobalSection(SolutionConfigurationPlatforms) = preSolution
		Debug|Any CPU = Debug|Any CPU
		Release|Any CPU = Release|Any CPU
	EndGlobalSection
	GlobalSection(ProjectConfigurationPlatforms) = postSolution
		{DBED8C81-CFCD-4BA1-889A-A699DA294D33}.Debug|Any CPU.ActiveCfg = Debug|Any CPU
		{DBED8C81-CFCD-4BA1-889A-A699DA294D33}.Debug|Any CPU.Build.0 = Debug|Any CPU
		{DBED8C81-CFCD-4BA1-889A-A699DA294D33}.Release|Any CPU.ActiveCfg = Release|Any CPU
		{DBED8C81-CFCD-4BA1-889A-A699DA294D33}.Release|Any CPU.Build.0 = Release|Any CPU
		{C8F5AEB4-69A2-4C33-A7B4-DC23BB465CF4}.Debug|Any CPU.ActiveCfg = Debug|Any CPU
		{C8F5AEB4-69A2-4C33-A7B4-DC23BB465CF4}.Debug|Any CPU.Build.0 = Debug|Any CPU
		{C8F5AEB4-69A2-4C33-A7B4-DC23BB465CF4}.Release|Any CPU.ActiveCfg = Release|Any CPU
		{C8F5AEB4-69A2-4C33-A7B4-DC23BB465CF4}.Release|Any CPU.Build.0 = Release|Any CPU
		{C4FDA81C-74A5-45C3-9617-D3B1A8C34611}.Debug|Any CPU.ActiveCfg = Debug|Any CPU
		{C4FDA81C-74A5-45C3-9617-D3B1A8C34611}.Debug|Any CPU.Build.0 = Debug|Any CPU
		{C4FDA81C-74A5-45C3-9617-D3B1A8C34611}.Release|Any CPU.ActiveCfg = Release|Any CPU
		{C4FDA81C-74A5-45C3-9617-D3B1A8C34611}.Release|Any CPU.Build.0 = Release|Any CPU
		{56A1066D-5636-4CC6-938D-A417B037B87A}.Debug|Any CPU.ActiveCfg = Debug|Any CPU
		{56A1066D-5636-4CC6-938D-A417B037B87A}.Debug|Any CPU.Build.0 = Debug|Any CPU
		{56A1066D-5636-4CC6-938D-A417B037B87A}.Release|Any CPU.ActiveCfg = Release|Any CPU
		{56A1066D-5636-4CC6-938D-A417B037B87A}.Release|Any CPU.Build.0 = Release|Any CPU
		{33630DA8-5BF4-4838-BA07-61EB0C77DA58}.Debug|Any CPU.ActiveCfg = Debug|Any CPU
		{33630DA8-5BF4-4838-BA07-61EB0C77DA58}.Debug|Any CPU.Build.0 = Debug|Any CPU
		{33630DA8-5BF4-4838-BA07-61EB0C77DA58}.Release|Any CPU.ActiveCfg = Release|Any CPU
		{33630DA8-5BF4-4838-BA07-61EB0C77DA58}.Release|Any CPU.Build.0 = Release|Any CPU
		{2862784C-F4E4-4F92-9F23-16D5E51163EC}.Debug|Any CPU.ActiveCfg = Debug|Any CPU
		{2862784C-F4E4-4F92-9F23-16D5E51163EC}.Debug|Any CPU.Build.0 = Debug|Any CPU
		{2862784C-F4E4-4F92-9F23-16D5E51163EC}.Release|Any CPU.ActiveCfg = Release|Any CPU
		{2862784C-F4E4-4F92-9F23-16D5E51163EC}.Release|Any CPU.Build.0 = Release|Any CPU
		{A7A3022E-1A0A-4152-934A-29ECA2999259}.Debug|Any CPU.ActiveCfg = Debug|Any CPU
		{A7A3022E-1A0A-4152-934A-29ECA2999259}.Debug|Any CPU.Build.0 = Debug|Any CPU
		{A7A3022E-1A0A-4152-934A-29ECA2999259}.Release|Any CPU.ActiveCfg = Release|Any CPU
		{A7A3022E-1A0A-4152-934A-29ECA2999259}.Release|Any CPU.Build.0 = Release|Any CPU
		{B87F7F4B-B61B-4EBD-8DF1-F2347CDCAA1B}.Debug|Any CPU.ActiveCfg = Debug|Any CPU
		{B87F7F4B-B61B-4EBD-8DF1-F2347CDCAA1B}.Debug|Any CPU.Build.0 = Debug|Any CPU
		{B87F7F4B-B61B-4EBD-8DF1-F2347CDCAA1B}.Release|Any CPU.ActiveCfg = Release|Any CPU
		{B87F7F4B-B61B-4EBD-8DF1-F2347CDCAA1B}.Release|Any CPU.Build.0 = Release|Any CPU
		{05EAC168-7178-49FD-8DA0-F2B76F824C19}.Debug|Any CPU.ActiveCfg = Debug|Any CPU
		{05EAC168-7178-49FD-8DA0-F2B76F824C19}.Debug|Any CPU.Build.0 = Debug|Any CPU
		{05EAC168-7178-49FD-8DA0-F2B76F824C19}.Release|Any CPU.ActiveCfg = Release|Any CPU
		{05EAC168-7178-49FD-8DA0-F2B76F824C19}.Release|Any CPU.Build.0 = Release|Any CPU
		{60B5792C-6C41-4BED-AF95-27078ED13405}.Debug|Any CPU.ActiveCfg = Debug|Any CPU
		{60B5792C-6C41-4BED-AF95-27078ED13405}.Debug|Any CPU.Build.0 = Debug|Any CPU
		{60B5792C-6C41-4BED-AF95-27078ED13405}.Release|Any CPU.ActiveCfg = Release|Any CPU
		{60B5792C-6C41-4BED-AF95-27078ED13405}.Release|Any CPU.Build.0 = Release|Any CPU
		{FEFA3943-09A7-4201-A34D-4CC4B36243D9}.Debug|Any CPU.ActiveCfg = Debug|Any CPU
		{FEFA3943-09A7-4201-A34D-4CC4B36243D9}.Debug|Any CPU.Build.0 = Debug|Any CPU
		{FEFA3943-09A7-4201-A34D-4CC4B36243D9}.Release|Any CPU.ActiveCfg = Release|Any CPU
		{FEFA3943-09A7-4201-A34D-4CC4B36243D9}.Release|Any CPU.Build.0 = Release|Any CPU
		{A1D45CCE-7090-4F14-ACD0-A3F5C7DFCBB7}.Debug|Any CPU.ActiveCfg = Debug|Any CPU
		{A1D45CCE-7090-4F14-ACD0-A3F5C7DFCBB7}.Debug|Any CPU.Build.0 = Debug|Any CPU
		{A1D45CCE-7090-4F14-ACD0-A3F5C7DFCBB7}.Release|Any CPU.ActiveCfg = Release|Any CPU
		{A1D45CCE-7090-4F14-ACD0-A3F5C7DFCBB7}.Release|Any CPU.Build.0 = Release|Any CPU
		{7F47C149-E1A3-4E02-8C24-A4BAF3FF63D0}.Debug|Any CPU.ActiveCfg = Debug|Any CPU
		{7F47C149-E1A3-4E02-8C24-A4BAF3FF63D0}.Debug|Any CPU.Build.0 = Debug|Any CPU
		{7F47C149-E1A3-4E02-8C24-A4BAF3FF63D0}.Release|Any CPU.ActiveCfg = Release|Any CPU
		{7F47C149-E1A3-4E02-8C24-A4BAF3FF63D0}.Release|Any CPU.Build.0 = Release|Any CPU
		{00052545-39E5-482B-AD76-8A663A753EBC}.Debug|Any CPU.ActiveCfg = Debug|Any CPU
		{00052545-39E5-482B-AD76-8A663A753EBC}.Debug|Any CPU.Build.0 = Debug|Any CPU
		{00052545-39E5-482B-AD76-8A663A753EBC}.Release|Any CPU.ActiveCfg = Release|Any CPU
		{00052545-39E5-482B-AD76-8A663A753EBC}.Release|Any CPU.Build.0 = Release|Any CPU
		{C4C045BE-E653-4005-A406-BE3A92989D84}.Debug|Any CPU.ActiveCfg = Debug|Any CPU
		{C4C045BE-E653-4005-A406-BE3A92989D84}.Debug|Any CPU.Build.0 = Debug|Any CPU
		{C4C045BE-E653-4005-A406-BE3A92989D84}.Release|Any CPU.ActiveCfg = Release|Any CPU
		{C4C045BE-E653-4005-A406-BE3A92989D84}.Release|Any CPU.Build.0 = Release|Any CPU
		{A7A1F529-34A3-4FAB-B3A8-99E9C98BBC2F}.Debug|Any CPU.ActiveCfg = Debug|Any CPU
		{A7A1F529-34A3-4FAB-B3A8-99E9C98BBC2F}.Debug|Any CPU.Build.0 = Debug|Any CPU
		{A7A1F529-34A3-4FAB-B3A8-99E9C98BBC2F}.Release|Any CPU.ActiveCfg = Release|Any CPU
		{A7A1F529-34A3-4FAB-B3A8-99E9C98BBC2F}.Release|Any CPU.Build.0 = Release|Any CPU
		{F7ECF6DD-2AEA-4710-A9D5-11969CF15471}.Debug|Any CPU.ActiveCfg = Debug|Any CPU
		{F7ECF6DD-2AEA-4710-A9D5-11969CF15471}.Debug|Any CPU.Build.0 = Debug|Any CPU
		{F7ECF6DD-2AEA-4710-A9D5-11969CF15471}.Release|Any CPU.ActiveCfg = Release|Any CPU
		{F7ECF6DD-2AEA-4710-A9D5-11969CF15471}.Release|Any CPU.Build.0 = Release|Any CPU
		{F3336700-3307-4C2E-9577-E000F70A2ED9}.Debug|Any CPU.ActiveCfg = Debug|Any CPU
		{F3336700-3307-4C2E-9577-E000F70A2ED9}.Debug|Any CPU.Build.0 = Debug|Any CPU
		{F3336700-3307-4C2E-9577-E000F70A2ED9}.Release|Any CPU.ActiveCfg = Release|Any CPU
		{F3336700-3307-4C2E-9577-E000F70A2ED9}.Release|Any CPU.Build.0 = Release|Any CPU
	EndGlobalSection
	GlobalSection(SolutionProperties) = preSolution
		HideSolutionNode = FALSE
	EndGlobalSection
	GlobalSection(NestedProjects) = preSolution
		{B87F7F4B-B61B-4EBD-8DF1-F2347CDCAA1B} = {D9C1B281-DBBB-46D1-AC59-2AF021AC8FAE}
		{05EAC168-7178-49FD-8DA0-F2B76F824C19} = {215A0830-F4AB-44AB-BED3-AA170F692B51}
		{60B5792C-6C41-4BED-AF95-27078ED13405} = {215A0830-F4AB-44AB-BED3-AA170F692B51}
		{FEFA3943-09A7-4201-A34D-4CC4B36243D9} = {D9C1B281-DBBB-46D1-AC59-2AF021AC8FAE}
		{A1D45CCE-7090-4F14-ACD0-A3F5C7DFCBB7} = {04B38B6E-B763-47BC-B3F2-7B963C183720}
		{C4C045BE-E653-4005-A406-BE3A92989D84} = {D9C1B281-DBBB-46D1-AC59-2AF021AC8FAE}
		{F7ECF6DD-2AEA-4710-A9D5-11969CF15471} = {1F9496B2-63B1-4BBB-B30A-095D5CD76E32}
	EndGlobalSection
	GlobalSection(ExtensibilityGlobals) = postSolution
		SolutionGuid = {8FBFE024-7094-4738-B42D-4214E6140235}
	EndGlobalSection
EndGlobal
